
Microsoft Visual Studio Solution File, Format Version 12.00
# Visual Studio Version 16
VisualStudioVersion = 16.0.30011.22
MinimumVisualStudioVersion = 10.0.40219.1
Project("{FAE04EC0-301F-11D3-BF4B-00C04F79EFBC}") = "Web.Api.Core", "Web.Api.Core\Web.Api.Core.csproj", "{D74014E1-EBC0-4520-8AD7-30F047B3C34C}"
EndProject
Global
	GlobalSection(SolutionConfigurationPlatforms) = preSolution
		Debug|Any CPU = Debug|Any CPU
		Release|Any CPU = Release|Any CPU
	EndGlobalSection
	GlobalSection(ProjectConfigurationPlatforms) = postSolution
		{D74014E1-EBC0-4520-8AD7-30F047B3C34C}.Debug|Any CPU.ActiveCfg = Debug|Any CPU
		{D74014E1-EBC0-4520-8AD7-30F047B3C34C}.Debug|Any CPU.Build.0 = Debug|Any CPU
		{D74014E1-EBC0-4520-8AD7-30F047B3C34C}.Release|Any CPU.ActiveCfg = Release|Any CPU
		{D74014E1-EBC0-4520-8AD7-30F047B3C34C}.Release|Any CPU.Build.0 = Release|Any CPU
	EndGlobalSection
	GlobalSection(SolutionProperties) = preSolution
		HideSolutionNode = FALSE
	EndGlobalSection
	GlobalSection(ExtensibilityGlobals) = postSolution
		SolutionGuid = {901E5E69-E66C-4219-924E-0E9E1DDB8C02}
	EndGlobalSection
EndGlobal
